version: 6
environments:
  default:
    channels:
    - url: https://conda.anaconda.org/conda-forge/
    options:
      pypi-prerelease-mode: if-necessary-or-explicit
    packages:
      linux-64:
      - conda: https://conda.anaconda.org/conda-forge/linux-64/_openmp_mutex-4.5-20_gnu.conda
      - conda: https://conda.anaconda.org/conda-forge/noarch/ca-certificates-2026.7.22-hbd8a1cb_0.conda
      - conda: https://conda.anaconda.org/conda-forge/linux-64/icu-78.3-py310h44b86e0_2.conda
      - conda: https://conda.anaconda.org/conda-forge/linux-64/libgcc-16.2.0-ha9f2e26_7.conda
      - conda: https://conda.anaconda.org/conda-forge/linux-64/libgomp-16.2.0-he0feb66_7.conda
      - conda: https://conda.anaconda.org/conda-forge/linux-64/libstdcxx-16.2.0-h934c35e_7.conda
      - conda: https://conda.anaconda.org/conda-forge/linux-64/libuv-1.52.1-h280c20c_1.conda
      - conda: https://conda.anaconda.org/conda-forge/linux-64/libzlib-1.3.2-h25fd6f3_3.conda
      - conda: https://conda.anaconda.org/conda-forge/linux-64/nodejs-22.23.2-h645b291_1.conda
      - conda: https://conda.anaconda.org/conda-forge/linux-64/openssl-3.6.5-h781a0a9_0.conda
      osx-64:
      - conda: https://conda.anaconda.org/conda-forge/noarch/ca-certificates-2026.7.22-hbd8a1cb_0.conda
      - conda: https://conda.anaconda.org/conda-forge/osx-64/icu-78.3-py313hbf1d544_2.conda
      - conda: https://conda.anaconda.org/conda-forge/osx-64/libcxx-23.1.2-h19cb2f5_0.conda
      - conda: https://conda.anaconda.org/conda-forge/osx-64/libuv-1.52.1-ha3d0635_1.conda
      - conda: https://conda.anaconda.org/conda-forge/osx-64/libzlib-1.3.2-hbb4bfdb_3.conda
      - conda: https://conda.anaconda.org/conda-forge/osx-64/nodejs-22.23.2-hc6a723c_1.conda
      - conda: https://conda.anaconda.org/conda-forge/osx-64/openssl-3.6.5-h332eb6d_0.conda
      osx-arm64:
      - conda: https://conda.anaconda.org/conda-forge/noarch/ca-certificates-2026.7.22-hbd8a1cb_0.conda
      - conda: https://conda.anaconda.org/conda-forge/osx-arm64/icu-78.3-py310h579977c_2.conda
      - conda: https://conda.anaconda.org/conda-forge/osx-arm64/libcxx-23.1.2-h55c6f16_0.conda
      - conda: https://conda.anaconda.org/conda-forge/osx-arm64/libuv-1.52.1-h1a92334_1.conda
      - conda: https://conda.anaconda.org/conda-forge/osx-arm64/libzlib-1.3.2-h8088a28_3.conda
      - conda: https://conda.anaconda.org/conda-forge/osx-arm64/nodejs-22.23.2-h09c3de8_1.conda
      - conda: https://conda.anaconda.org/conda-forge/osx-arm64/openssl-3.6.5-h55eecbc_0.conda
      win-64:
      - conda: https://conda.anaconda.org/conda-forge/win-64/nodejs-22.23.2-h80d1838_1.conda
packages:
- conda: https://conda.anaconda.org/conda-forge/linux-64/_openmp_mutex-4.5-20_gnu.conda
  build_number: 20
  sha256: 1dd3fffd892081df9726d7eb7e0dea6198962ba775bd88842135a4ddb4deb3c9
  md5: a9f577daf3de00bca7c3c76c0ecbd1de
  depends:
  - __glibc >=2.17,<3.0.a0
  - libgomp >=7.5.0
  constrains:
  - openmp_impl <0.0a0
  license: BSD-3-Clause
  license_family: BSD
  size: 28948
  timestamp: 1770939786096
- conda: https://conda.anaconda.org/conda-forge/noarch/ca-certificates-2026.7.22-hbd8a1cb_0.conda
  sha256: 0a0544cf95f64394fe4959286f5c71f5444ad58feb0602e53becb27448d24da6
  md5: 0f51e2391ade309db462a55611263e9c
  depends:
  - __unix
  license: ISC
  size: 131780
  timestamp: 1784754889428
- conda: https://conda.anaconda.org/conda-forge/linux-64/icu-78.3-py310h44b86e0_2.conda
  sha256: 9f07834f0c546ab14d885ce0366285f61f44e326c0edd1fc63b8294e113ae432
  md5: 72a381cbad04f24b1c2a43ef707f45b4
  depends:
  - __glibc >=2.17,<3.0.a0
  - libstdcxx >=14
  - libgcc >=14
  license: MIT
  license_family: MIT
  size: 14459115
  timestamp: 1786545741408
- conda: https://conda.anaconda.org/conda-forge/osx-64/icu-78.3-py313hbf1d544_2.conda
  sha256: 3abd86f3441f143b6b3203c92ae0d88dd8396a8857940af468f1fab854cdae57
  md5: f13f4740c18b562bf2662d494bad6099
  depends:
  - __osx >=11.0
  license: MIT
  license_family: MIT
  size: 14223209
  timestamp: 1786545868538
- conda: https://conda.anaconda.org/conda-forge/osx-arm64/icu-78.3-py310h579977c_2.conda
  sha256: 6cdb5dee54c72e56ab189fb3ad33cb28533553d42590e7e831160248f4416a43
  md5: a5efc0b42bb8b42e97d0a29ae3e3c187
  depends:
  - __osx >=11.0
  license: MIT
  license_family: MIT
  size: 14070242
  timestamp: 1786545847761
- conda: https://conda.anaconda.org/conda-forge/osx-64/libcxx-23.1.2-h19cb2f5_0.conda
  sha256: 0ad8c788c3681674f100820cf5e76fcc8ec88502e7aa64f4776581985009a7be
  md5: 777bab0f24c6dc33b8a9ec8025653e41
  depends:
  - __osx >=11.0
  license: Apache-2.0 WITH LLVM-exception
  license_family: Apache
  size: 576040
  timestamp: 1790163953924
- conda: https://conda.anaconda.org/conda-forge/osx-arm64/libcxx-23.1.2-h55c6f16_0.conda
  sha256: 087a610bacee7901d259ef72c6f060d795ab26831bd7541ba75ced786a5a63f9
  md5: 01af3f03d850cbab9ae9b86d726a9921
  depends:
  - __osx >=11.0
  license: Apache-2.0 WITH LLVM-exception
  license_family: Apache
  size: 579372
  timestamp: 1790163402114
- conda: https://conda.anaconda.org/conda-forge/linux-64/libgcc-16.2.0-ha9f2e26_7.conda
  sha256: e031634c3a928f9594eba868bc46ef5230d6571a364a0c63215b06c4563bfcea
  md5: 735629b400b70eeab21a2ba8f5b1c2ce
  depends:
  - __glibc >=2.17,<3.0.a0
  - _openmp_mutex >=4.5
  constrains:
  - libgcc-ng ==16.2.0=*_7
  - libgomp 16.2.0 he0feb66_7
  license: GPL-3.0-only WITH GCC-exception-3.1
  license_family: GPL
  size: 1058444
  timestamp: 1790303109576
- conda: https://conda.anaconda.org/conda-forge/linux-64/libgomp-16.2.0-he0feb66_7.conda
  sha256: 92a0bb350c7be6a4eedcb4e111c60aefd176018e6b1c009a6e025dbe9bbcd758
  md5: d904c7ddd95e026254b4b80808ee9e12
  depends:
  - __glibc >=2.17,<3.0.a0
  license: GPL-3.0-only WITH GCC-exception-3.1
  license_family: GPL
  size: 640566
  timestamp: 1790303046034
- conda: https://conda.anaconda.org/conda-forge/linux-64/libstdcxx-16.2.0-h934c35e_7.conda
  sha256: fa7018298629fc429971fffd6ecba3d27a7b02e4e890d6a93ea01ffebe8cb745
  md5: 9b6707e0caca917fa6ea9ee473f37a5d
  depends:
  - __glibc >=2.17,<3.0.a0
  - libgcc 16.2.0 ha9f2e26_7
  constrains:
  - libstdcxx-ng ==16.2.0=*_7
  license: GPL-3.0-only WITH GCC-exception-3.1
  license_family: GPL
  size: 6615436
  timestamp: 1790303132935
- conda: https://conda.anaconda.org/conda-forge/linux-64/libuv-1.52.1-h280c20c_1.conda
  sha256: 67761d0206f84140047a367eaf9befe03a7e157a29ee25aee0047b40801cc6b6
  md5: 01c4ed87826af55996768af6dbc936b4
  depends:
  - libgcc >=14
  - __glibc >=2.17,<3.0.a0
  license: MIT
  license_family: MIT
  size: 420040
  timestamp: 1785914567661
- conda: https://conda.anaconda.org/conda-forge/osx-64/libuv-1.52.1-ha3d0635_1.conda
  sha256: 4aacf651487bf2cd4dcfab49ea98a00a34305919ff3a09b66b7ddaa97d8b316f
  md5: 17b0d6c818992264752f1a720be711fc
  depends:
  - __osx >=11.0
  license: MIT
  license_family: MIT
  size: 128560
  timestamp: 1785914631885
- conda: https://conda.anaconda.org/conda-forge/osx-arm64/libuv-1.52.1-h1a92334_1.conda
  sha256: 4f47de9de1990efd998edbbd6793f89c8f02ffde987ae8120b1c006acefd2a04
  md5: de09bd0f175611e94f21b28f8c708e80
  depends:
  - __osx >=11.0
  license: MIT
  license_family: MIT
  size: 122729
  timestamp: 1785914645797
- conda: https://conda.anaconda.org/conda-forge/linux-64/libzlib-1.3.2-h25fd6f3_3.conda
  sha256: eb8a0db0aa570124f7d2a93d7c7f596e3390df5e047818d873baad32985fc736
  md5: 0de0122d9570a8ab637c6b73db268389
  depends:
  - __glibc >=2.17,<3.0.a0
  constrains:
  - zlib 1.3.2 *_3
  license: Zlib
  license_family: Other
  size: 63713
  timestamp: 1785362952714
- conda: https://conda.anaconda.org/conda-forge/osx-64/libzlib-1.3.2-hbb4bfdb_3.conda
  sha256: b2dba286dd6632292b12296e761193b5ef9fb0eaeecaa481f5ba9af72c0c18e1
  md5: 7d3fa28263bb7f8ea32db11f570a5bb6
  depends:
  - __osx >=11.0
  constrains:
  - zlib 1.3.2 *_3
  license: Zlib
  license_family: Other
  size: 58993
  timestamp: 1785276808631
- conda: https://conda.anaconda.org/conda-forge/osx-arm64/libzlib-1.3.2-h8088a28_3.conda
  sha256: a18fa5d5bac452401459f966cf0d872224e8080c4ff93c77e168d43ab42ef9d7
  md5: f39288f0ea63ae962e1a2e4f355a0d75
  depends:
  - __osx >=11.0
  constrains:
  - zlib 1.3.2 *_3
  license: Zlib
  license_family: Other
  size: 47822
  timestamp: 1785277049190
- conda: https://conda.anaconda.org/conda-forge/linux-64/nodejs-22.23.2-h645b291_1.conda
  sha256: ad9fd2a1b6cb2fcdfe3c9d25484144f9ebaec2828e983c794a132b69cdd8c691
  md5: 547d6a2ea1d228a3ea5d364030943c7a
  depends:
  - __glibc >=2.28,<3.0.a0
  - libstdcxx >=15
  - libgcc >=15
  - libzlib >=1.3.2,<2.0a0
  - icu >=78.3,<79.0a0
  - openssl >=3.5.8,<4.0a0
  - libuv >=1.52.1,<2.0a0
  license: MIT
  license_family: MIT
  size: 24220311
  timestamp: 1788259360941
- conda: https://conda.anaconda.org/conda-forge/osx-64/nodejs-22.23.2-hc6a723c_1.conda
  sha256: c28e8a28e3a3f164040cb79b45f48a15485e4b2e5ba0daafd476bba004827022
  md5: e08c5681336e6714515dacdc00e9d768
  depends:
  - libcxx >=21
  - __osx >=12.0
  - openssl >=3.5.8,<4.0a0
  - icu >=78.3,<79.0a0
  - libzlib >=1.3.2,<2.0a0
  - libuv >=1.52.1,<2.0a0
  license: MIT
  license_family: MIT
  size: 17639772
  timestamp: 1788259462095
- conda: https://conda.anaconda.org/conda-forge/osx-arm64/nodejs-22.23.2-h09c3de8_1.conda
  sha256: 962398ddd5ea29f837349506ab11c0c4386f1d892cc9a2b2847e9749e78e8fb8
  md5: e7bd6f1c54ab7c343f0e85679d2446f5
  depends:
  - libcxx >=21
  - __osx >=12.0
  - libzlib >=1.3.2,<2.0a0
  - openssl >=3.5.8,<4.0a0
  - libuv >=1.52.1,<2.0a0
  - icu >=78.3,<79.0a0
  license: MIT
  license_family: MIT
  size: 16429995
  timestamp: 1788259402262
- conda: https://conda.anaconda.org/conda-forge/win-64/nodejs-22.23.2-h80d1838_1.conda
  sha256: 2411b561fcef671e466fc2bf6b4c3674f5c85b1a6040acc47ebe33d105673b2e
  md5: 4f9d1b4dd2ddded66b790520b50d89bc
  license: MIT
  license_family: MIT
  size: 30051253
  timestamp: 1788259388190
- conda: https://conda.anaconda.org/conda-forge/linux-64/openssl-3.6.5-h781a0a9_0.conda
  sha256: 9c1533f1cf784f0e250919c0c9762d0b0e6bc727a79290ffb7cea1ceca1d038c
  md5: 5a51a2ea653f120240b1a9bf76e0aae9
  depends:
  - __glibc >=2.17,<3.0.a0
  - ca-certificates
  - libgcc >=15
  license: Apache-2.0
  license_family: Apache
  size: 3195299
  timestamp: 1791098052301
- conda: https://conda.anaconda.org/conda-forge/osx-64/openssl-3.6.5-h332eb6d_0.conda
  sha256: d992d27aec2f1beac81f792c85b449546c030f06937b5b3ea7cf58431861dde4
  md5: 615ac6cff316565b442cd1af8b94837f
  depends:
  - __osx >=11.0
  - ca-certificates
  license: Apache-2.0
  license_family: Apache
  size: 2786968
  timestamp: 1791099439455
- conda: https://conda.anaconda.org/conda-forge/osx-arm64/openssl-3.6.5-h55eecbc_0.conda
  sha256: 44fbc526456571a9fb8fa18157f6f269d4d4bd40eef20183a93b9c9296f94497
  md5: 45d9179cdf6e53d88aec034246f0dad6
  depends:
  - __osx >=11.0
  - ca-certificates
  license: Apache-2.0
  license_family: Apache
  size: 3111573
  timestamp: 1791097959641
